// !$*UTF8*$!
{
	archiveVersion = 1;
	classes = {
	};
	objectVersion = 46;
	objects = {

/* Begin PBXBuildFile section */
		F524DEED1B9C505C00B7118A /* AppDelegate.swift in Sources */ = {isa = PBXBuildFile; fileRef = F524DEEC1B9C505C00B7118A /* AppDelegate.swift */; };
		F524DEEF1B9C505C00B7118A /* ViewController.swift in Sources */ = {isa = PBXBuildFile; fileRef = F524DEEE1B9C505C00B7118A /* ViewController.swift */; };
		F524DEF21B9C505C00B7118A /* Main.storyboard in Resources */ = {isa = PBXBuildFile; fileRef = F524DEF01B9C505C00B7118A /* Main.storyboard */; };
		F524DEF41B9C505C00B7118A /* Images.xcassets in Resources */ = {isa = PBXBuildFile; fileRef = F524DEF31B9C505C00B7118A /* Images.xcassets */; };
		F524DEF71B9C505C00B7118A /* LaunchScreen.xib in Resources */ = {isa = PBXBuildFile; fileRef = F524DEF51B9C505C00B7118A /* LaunchScreen.xib */; };
		F524DF031B9C505C00B7118A /* DemoSearchTests.swift in Sources */ = {isa = PBXBuildFile; fileRef = F524DF021B9C505C00B7118A /* DemoSearchTests.swift */; };
/* End PBXBuildFile section */

/* Begin PBXContainerItemProxy section */
		F524DEFD1B9C505C00B7118A /* PBXContainerItemProxy */ = {
			isa = PBXContainerItemProxy;
			containerPortal = F524DEDF1B9C505B00B7118A /* Project object */;
			proxyType = 1;
			remoteGlobalIDString = F524DEE61B9C505B00B7118A;
			remoteInfo = DemoSearch;
		};
/* End PBXContainerItemProxy section */

/* Begin PBXFileReference section */
		F524DEE71B9C505C00B7118A /* DemoSearch.app */ = {isa = PBXFileReference; explicitFileType = wrapper.application; includeInIndex = 0; path = DemoSearch.app; sourceTree = BUILT_PRODUCTS_DIR; };
		F524DEEB1B9C505C00B7118A /* Info.plist */ = {isa = PBXFileReference; lastKnownFileType = text.plist.xml; path = Info.plist; sourceTree = "<group>"; };
		F524DEEC1B9C505C00B7118A /* AppDelegate.swift */ = {isa = PBXFileReference; lastKnownFileType = sourcecode.swift; path = AppDelegate.swift; sourceTree = "<group>"; };
		F524DEEE1B9C505C00B7118A /* ViewController.swift */ = {isa = PBXFileReference; lastKnownFileType = sourcecode.swift; path = ViewController.swift; sourceTree = "<group>"; };
		F524DEF11B9C505C00B7118A /* Base */ = {isa = PBXFileReference; lastKnownFileType = file.storyboard; name = Base; path = Base.lproj/Main.storyboard; sourceTree = "<group>"; };
		F524DEF31B9C505C00B7118A /* Images.xcassets */ = {isa = PBXFileReference; lastKnownFileType = folder.assetcatalog; path = Images.xcassets; sourceTree = "<group>"; };
		F524DEF61B9C505C00B7118A /* Base */ = {isa = PBXFileReference; lastKnownFileType = file.xib; name = Base; path = Base.lproj/LaunchScreen.xib; sourceTree = "<group>"; };
		F524DEFC1B9C505C00B7118A /* DemoSearchTests.xctest */ = {isa = PBXFileReference; explicitFileType = wrapper.cfbundle; includeInIndex = 0; path = DemoSearchTests.xctest; sourceTree = BUILT_PRODUCTS_DIR; };
		F524DF011B9C505C00B7118A /* Info.plist */ = {isa = PBXFileReference; lastKnownFileType = text.plist.xml; path = Info.plist; sourceTree = "<group>"; };
		F524DF021B9C505C00B7118A /* DemoSearchTests.swift */ = {isa = PBXFileReference; lastKnownFileType = sourcecode.swift; path = DemoSearchTests.swift; sourceTree = "<group>"; };
/* End PBXFileReference section */

/* Begin PBXFrameworksBuildPhase section */
		F524DEE41B9C505B00B7118A /* Frameworks */ = {
			isa = PBXFrameworksBuildPhase;
			buildActionMask = 2147483647;
			files = (
			);
			runOnlyForDeploymentPostprocessing = 0;
		};
		F524DEF91B9C505C00B7118A /* Frameworks */ = {
			isa = PBXFrameworksBuildPhase;
			buildActionMask = 2147483647;
			files = (
			);
			runOnlyForDeploymentPostprocessing = 0;
		};
/* End PBXFrameworksBuildPhase section */

/* Begin PBXGroup section */
		F524DEDE1B9C505B00B7118A = {
			isa = PBXGroup;
			children = (
				F524DEE91B9C505C00B7118A /* DemoSearch */,
				F524DEFF1B9C505C00B7118A /* DemoSearchTests */,
				F524DEE81B9C505C00B7118A /* Products */,
			);
			sourceTree = "<group>";
		};
		F524DEE81B9C505C00B7118A /* Products */ = {
			isa = PBXGroup;
			children = (
				F524DEE71B9C505C00B7118A /* DemoSearch.app */,
				F524DEFC1B9C505C00B7118A /* DemoSearchTests.xctest */,
			);
			name = Products;
			sourceTree = "<group>";
		};
		F524DEE91B9C505C00B7118A /* DemoSearch */ = {
			isa = PBXGroup;
			children = (
				F524DEEC1B9C505C00B7118A /* AppDelegate.swift */,
				F524DEEE1B9C505C00B7118A /* ViewController.swift */,
				F524DEF01B9C505C00B7118A /* Main.storyboard */,
				F524DEF31B9C505C00B7118A /* Images.xcassets */,
				F524DEF51B9C505C00B7118A /* LaunchScreen.xib */,
				F524DEEA1B9C505C00B7118A /* Supporting Files */,
			);
			path = DemoSearch;
			sourceTree = "<group>";
		};
		F524DEEA1B9C505C00B7118A /* Supporting Files */ = {
			isa = PBXGroup;
			children = (
				F524DEEB1B9C505C00B7118A /* Info.plist */,
			);
			name = "Supporting Files";
			sourceTree = "<group>";
		};
		F524DEFF1B9C505C00B7118A /* DemoSearchTests */ = {
			isa = PBXGroup;
			children = (
				F524DF021B9C505C00B7118A /* DemoSearchTests.swift */,
				F524DF001B9C505C00B7118A /* Supporting Files */,
			);
			path = DemoSearchTests;
			sourceTree = "<group>";
		};
		F524DF001B9C505C00B7118A /* Supporting Files */ = {
			isa = PBXGroup;
			children = (
				F524DF011B9C505C00B7118A /* Info.plist */,
			);
			name = "Supporting Files";
			sourceTree = "<group>";
		};
/* End PBXGroup section */

/* Begin PBXNativeTarget section */
		F524DEE61B9C505B00B7118A /* DemoSearch */ = {
			isa = PBXNativeTarget;
			buildConfigurationList = F524DF061B9C505C00B7118A /* Build configuration list for PBXNativeTarget "DemoSearch" */;
			buildPhases = (
				F524DEE31B9C505B00B7118A /* Sources */,
				F524DEE41B9C505B00B7118A /* Frameworks */,
				F524DEE51B9C505B00B7118A /* Resources */,
			);
			buildRules = (
			);
			dependencies = (
			);
			name = DemoSearch;
			productName = DemoSearch;
			productReference = F524DEE71B9C505C00B7118A /* DemoSearch.app */;
			productType = "com.apple.product-type.application";
		};
		F524DEFB1B9C505C00B7118A /* DemoSearchTests */ = {
			isa = PBXNativeTarget;
			buildConfigurationList = F524DF091B9C505C00B7118A /* Build configuration list for PBXNativeTarget "DemoSearchTests" */;
			buildPhases = (
				F524DEF81B9C505C00B7118A /* Sources */,
				F524DEF91B9C505C00B7118A /* Frameworks */,
				F524DEFA1B9C505C00B7118A /* Resources */,
			);
			buildRules = (
			);
			dependencies = (
				F524DEFE1B9C505C00B7118A /* PBXTargetDependency */,
			);
			name = DemoSearchTests;
			productName = DemoSearchTests;
			productReference = F524DEFC1B9C505C00B7118A /* DemoSearchTests.xctest */;
			productType = "com.apple.product-type.bundle.unit-test";
		};
/* End PBXNativeTarget section */

/* Begin PBXProject section */
		F524DEDF1B9C505B00B7118A /* Project object */ = {
			isa = PBXProject;
			attributes = {
				LastUpgradeCheck = 0640;
				ORGANIZATIONNAME = Nylon;
				TargetAttributes = {
					F524DEE61B9C505B00B7118A = {
						CreatedOnToolsVersion = 6.4;
					};
					F524DEFB1B9C505C00B7118A = {
						CreatedOnToolsVersion = 6.4;
						TestTargetID = F524DEE61B9C505B00B7118A;
					};
				};
			};
			buildConfigurationList = F524DEE21B9C505B00B7118A /* Build configuration list for PBXProject "DemoSearch" */;
			compatibilityVersion = "Xcode 3.2";
			developmentRegion = English;
			hasScannedForEncodings = 0;
			knownRegions = (
				en,
				Base,
			);
			mainGroup = F524DEDE1B9C505B00B7118A;
			productRefGroup = F524DEE81B9C505C00B7118A /* Products */;
			projectDirPath = "";
			projectRoot = "";
			targets = (
				F524DEE61B9C505B00B7118A /* DemoSearch */,
				F524DEFB1B9C505C00B7118A /* DemoSearchTests */,
			);
		};
/* End PBXProject section */

/* Begin PBXResourcesBuildPhase section */
		F524DEE51B9C505B00B7118A /* Resources */ = {
			isa = PBXResourcesBuildPhase;
			buildActionMask = 2147483647;
			files = (
				F524DEF21B9C505C00B7118A /* Main.storyboard in Resources */,
				F524DEF71B9C505C00B7118A /* LaunchScreen.xib in Resources */,
				F524DEF41B9C505C00B7118A /* Images.xcassets in Resources */,
			);
			runOnlyForDeploymentPostprocessing = 0;
		};
		F524DEFA1B9C505C00B7118A /* Resources */ = {
			isa = PBXResourcesBuildPhase;
			buildActionMask = 2147483647;
			files = (
			);
			runOnlyForDeploymentPostprocessing = 0;
		};
/* End PBXResourcesBuildPhase section */

/* Begin PBXSourcesBuildPhase section */
		F524DEE31B9C505B00B7118A /* Sources */ = {
			isa = PBXSourcesBuildPhase;
			buildActionMask = 2147483647;
			files = (
				F524DEEF1B9C505C00B7118A /* ViewController.swift in Sources */,
				F524DEED1B9C505C00B7118A /* AppDelegate.swift in Sources */,
			);
			runOnlyForDeploymentPostprocessing = 0;
		};
		F524DEF81B9C505C00B7118A /* Sources */ = {
			isa = PBXSourcesBuildPhase;
			buildActionMask = 2147483647;
			files = (
				F524DF031B9C505C00B7118A /* DemoSearchTests.swift in Sources */,
			);
			runOnlyForDeploymentPostprocessing = 0;
		};
/* End PBXSourcesBuildPhase section */

/* Begin PBXTargetDependency section */
		F524DEFE1B9C505C00B7118A /* PBXTargetDependency */ = {
			isa = PBXTargetDependency;
			target = F524DEE61B9C505B00B7118A /* DemoSearch */;
			targetProxy = F524DEFD1B9C505C00B7118A /* PBXContainerItemProxy */;
		};
/* End PBXTargetDependency section */

/* Begin PBXVariantGroup section */
		F524DEF01B9C505C00B7118A /* Main.storyboard */ = {
			isa = PBXVariantGroup;
			children = (
				F524DEF11B9C505C00B7118A /* Base */,
			);
			name = Main.storyboard;
			sourceTree = "<group>";
		};
		F524DEF51B9C505C00B7118A /* LaunchScreen.xib */ = {
			isa = PBXVariantGroup;
			children = (
				F524DEF61B9C505C00B7118A /* Base */,
			);
			name = LaunchScreen.xib;
			sourceTree = "<group>";
		};
/* End PBXVariantGroup section */

/* Begin XCBuildConfiguration section */
		F524DF041B9C505C00B7118A /* Debug */ = {
			isa = XCBuildConfiguration;
			buildSettings = {
				ALWAYS_SEARCH_USER_PATHS = NO;
				CLANG_CXX_LANGUAGE_STANDARD = "gnu++0x";
				CLANG_CXX_LIBRARY = "libc++";
				CLANG_ENABLE_MODULES = YES;
				CLANG_ENABLE_OBJC_ARC = YES;
				CLANG_WARN_BOOL_CONVERSION = YES;
				CLANG_WARN_CONSTANT_CONVERSION = YES;
				CLANG_WARN_DIRECT_OBJC_ISA_USAGE = YES_ERROR;
				CLANG_WARN_EMPTY_BODY = YES;
				CLANG_WARN_ENUM_CONVERSION = YES;
				CLANG_WARN_INT_CONVERSION = YES;
				CLANG_WARN_OBJC_ROOT_CLASS = YES_ERROR;
				CLANG_WARN_UNREACHABLE_CODE = YES;
				CLANG_WARN__DUPLICATE_METHOD_MATCH = YES;
				"CODE_SIGN_IDENTITY[sdk=iphoneos*]" = "iPhone Developer";
				COPY_PHASE_STRIP = NO;
				DEBUG_INFORMATION_FORMAT = "dwarf-with-dsym";
				ENABLE_STRICT_OBJC_MSGSEND = YES;
				GCC_C_LANGUAGE_STANDARD = gnu99;
				GCC_DYNAMIC_NO_PIC = NO;
				GCC_NO_COMMON_BLOCKS = YES;
				GCC_OPTIMIZATION_LEVEL = 0;
				GCC_PREPROCESSOR_DEFINITIONS = (
					"DEBUG=1",
					"$(inherited)",
				);
				GCC_SYMBOLS_PRIVATE_EXTERN = NO;
				GCC_WARN_64_TO_32_BIT_CONVERSION = YES;
				GCC_WARN_ABOUT_RETURN_TYPE = YES_ERROR;
				GCC_WARN_UNDECLARED_SELECTOR = YES;
				GCC_WARN_UNINITIALIZED_AUTOS = YES_AGGRESSIVE;
				GCC_WARN_UNUSED_FUNCTION = YES;
				GCC_WARN_UNUSED_VARIABLE = YES;
				IPHONEOS_DEPLOYMENT_TARGET = 8.4;
				MTL_ENABLE_DEBUG_INFO = YES;
				ONLY_ACTIVE_ARCH = YES;
				SDKROOT = iphoneos;
				SWIFT_OPTIMIZATION_LEVEL = "-Onone";
				TARGETED_DEVICE_FAMILY = "1,2";
			};
			name = Debug;
		};
		F524DF051B9C505C00B7118A /* Release */ = {
			isa = XCBuildConfiguration;
			buildSettings = {
				ALWAYS_SEARCH_USER_PATHS = NO;
				CLANG_CXX_LANGUAGE_STANDARD = "gnu++0x";
				CLANG_CXX_LIBRARY = "libc++";
				CLANG_ENABLE_MODULES = YES;
				CLANG_ENABLE_OBJC_ARC = YES;
				CLANG_WARN_BOOL_CONVERSION = YES;
				CLANG_WARN_CONSTANT_CONVERSION = YES;
				CLANG_WARN_DIRECT_OBJC_ISA_USAGE = YES_ERROR;
				CLANG_WARN_EMPTY_BODY = YES;
				CLANG_WARN_ENUM_CONVERSION = YES;
				CLANG_WARN_INT_CONVERSION = YES;
				CLANG_WARN_OBJC_ROOT_CLASS = YES_ERROR;
				CLANG_WARN_UNREACHABLE_CODE = YES;
				CLANG_WARN__DUPLICATE_METHOD_MATCH = YES;
				"CODE_SIGN_IDENTITY[sdk=iphoneos*]" = "iPhone Developer";
				COPY_PHASE_STRIP = NO;
				DEBUG_INFORMATION_FORMAT = "dwarf-with-dsym";
				ENABLE_NS_ASSERTIONS = NO;
				ENABLE_STRICT_OBJC_MSGSEND = YES;
				GCC_C_LANGUAGE_STANDARD = gnu99;
				GCC_NO_COMMON_BLOCKS = YES;
				GCC_WARN_64_TO_32_BIT_CONVERSION = YES;
				GCC_WARN_ABOUT_RETURN_TYPE = YES_ERROR;
				GCC_WARN_UNDECLARED_SELECTOR = YES;
				GCC_WARN_UNINITIALIZED_AUTOS = YES_AGGRESSIVE;
				GCC_WARN_UNUSED_FUNCTION = YES;
				GCC_WARN_UNUSED_VARIABLE = YES;
				IPHONEOS_DEPLOYMENT_TARGET = 8.4;
				MTL_ENABLE_DEBUG_INFO = NO;
				SDKROOT = iphoneos;
				TARGETED_DEVICE_FAMILY = "1,2";
				VALIDATE_PRODUCT = YES;
			};
			name = Release;
		};
		F524DF071B9C505C00B7118A /* Debug */ = {
			isa = XCBuildConfiguration;
			buildSettings = {
				ASSETCATALOG_COMPILER_APPICON_NAME = AppIcon;
				INFOPLIST_FILE = DemoSearch/Info.plist;
				LD_RUNPATH_SEARCH_PATHS = "$(inherited) @executable_path/Frameworks";
				PRODUCT_NAME = "$(TARGET_NAME)";
			};
			name = Debug;
		};
		F524DF081B9C505C00B7118A /* Release */ = {
			isa = XCBuildConfiguration;
			buildSettings = {
				ASSETCATALOG_COMPILER_APPICON_NAME = AppIcon;
				INFOPLIST_FILE = DemoSearch/Info.plist;
				LD_RUNPATH_SEARCH_PATHS = "$(inherited) @executable_path/Frameworks";
				PRODUCT_NAME = "$(TARGET_NAME)";
			};
			name = Release;
		};
		F524DF0A1B9C505C00B7118A /* Debug */ = {
			isa = XCBuildConfiguration;
			buildSettings = {
				BUNDLE_LOADER = "$(TEST_HOST)";
				FRAMEWORK_SEARCH_PATHS = (
					"$(SDKROOT)/Developer/Library/Frameworks",
					"$(inherited)",
				);
				GCC_PREPROCESSOR_DEFINITIONS = (
					"DEBUG=1",
					"$(inherited)",
				);
				INFOPLIST_FILE = DemoSearchTests/Info.plist;
				LD_RUNPATH_SEARCH_PATHS = "$(inherited) @executable_path/Frameworks @loader_path/Frameworks";
				PRODUCT_NAME = "$(TARGET_NAME)";
				TEST_HOST = "$(BUILT_PRODUCTS_DIR)/DemoSearch.app/DemoSearch";
			};
			name = Debug;
		};
		F524DF0B1B9C505C00B7118A /* Release */ = {
			isa = XCBuildConfiguration;
			buildSettings = {
				BUNDLE_LOADER = "$(TEST_HOST)";
				FRAMEWORK_SEARCH_PATHS = (
					"$(SDKROOT)/Developer/Library/Frameworks",
					"$(inherited)",
				);
				INFOPLIST_FILE = DemoSearchTests/Info.plist;
				LD_RUNPATH_SEARCH_PATHS = "$(inherited) @executable_path/Frameworks @loader_path/Frameworks";
				PRODUCT_NAME = "$(TARGET_NAME)";
				TEST_HOST = "$(BUILT_PRODUCTS_DIR)/DemoSearch.app/DemoSearch";
			};
			name = Release;
		};
/* End XCBuildConfiguration section */

/* Begin XCConfigurationList section */
		F524DEE21B9C505B00B7118A /* Build configuration list for PBXProject "DemoSearch" */ = {
			isa = XCConfigurationList;
			buildConfigurations = (
				F524DF041B9C505C00B7118A /* Debug */,
				F524DF051B9C505C00B7118A /* Release */,
			);
			defaultConfigurationIsVisible = 0;
			defaultConfigurationName = Release;
		};
		F524DF061B9C505C00B7118A /* Build configuration list for PBXNativeTarget "DemoSearch" */ = {
			isa = XCConfigurationList;
			buildConfigurations = (
				F524DF071B9C505C00B7118A /* Debug */,
				F524DF081B9C505C00B7118A /* Release */,
			);
			defaultConfigurationIsVisible = 0;
		};
		F524DF091B9C505C00B7118A /* Build configuration list for PBXNativeTarget "DemoSearchTests" */ = {
			isa = XCConfigurationList;
			buildConfigurations = (
				F524DF0A1B9C505C00B7118A /* Debug */,
				F524DF0B1B9C505C00B7118A /* Release */,
			);
			defaultConfigurationIsVisible = 0;
		};
/* End XCConfigurationList section */
	};
	rootObject = F524DEDF1B9C505B00B7118A /* Project object */;
}
